<Solution>
  <Project Path="FrontendDemo/FrontendDemo.csproj" Id="2c330686-72a5-4f6a-adee-1f51b7ecdf05" />
  <Project Path="Slottet.API/Slottet.API.csproj" />
  <Project Path="Slottet.Application/Slottet.Application.csproj" />
  <Project Path="Slottet.Domain/Slottet.Domain.csproj" />
  <Project Path="Slottet.Infrastructure/Slottet.Infrastructure.csproj" />
  <Project Path="Slottet.Shared/Slottet.Shared.csproj" />
</Solution>
