<Solution>
  <Folder Name="/SQL/" />
  <Project Path="Slottet.API/Slottet.API.csproj" />
  <Project Path="Slottet.Application/Slottet.Application.csproj" />
  <Project Path="Slottet.Domain/Slottet.Domain.csproj" />
  <Project Path="Slottet.Frontend/Slottet.Frontend.csproj" Id="412fde79-e81d-4793-a7ae-e626f2480433" />
  <Project Path="Slottet.Infrastructure/Slottet.Infrastructure.csproj" />
  <Project Path="Slottet.Shared/Slottet.Shared.csproj" />
</Solution>
